// !$*UTF8*$!
{
	archiveVersion = 1;
	classes = {
	};
	objectVersion = 54;
	objects = {

/* Begin PBXBuildFile section */
		159526577BC76154AA08483E /* Pods_SignalCorrelation.framework in Frameworks */ = {isa = PBXBuildFile; fileRef = 32ECCACF2BA7169E03369A35 /* Pods_SignalCorrelation.framework */; };
		CA2ED8D827419D8500B6C77A /* ViewModel.swift in Sources */ = {isa = PBXBuildFile; fileRef = CA2ED8D727419D8500B6C77A /* ViewModel.swift */; };
		CA2ED8DB2741AB8000B6C77A /* Сorrelator.swift in Sources */ = {isa = PBXBuildFile; fileRef = CA2ED8DA2741AB8000B6C77A /* Сorrelator.swift */; };
		CA91DE19273C35C90060B58E /* AppDelegate.swift in Sources */ = {isa = PBXBuildFile; fileRef = CA91DE18273C35C90060B58E /* AppDelegate.swift */; };
		CA91DE1B273C35C90060B58E /* ViewController.swift in Sources */ = {isa = PBXBuildFile; fileRef = CA91DE1A273C35C90060B58E /* ViewController.swift */; };
		CA91DE1D273C35CB0060B58E /* Assets.xcassets in Resources */ = {isa = PBXBuildFile; fileRef = CA91DE1C273C35CB0060B58E /* Assets.xcassets */; };
		CA91DE20273C35CB0060B58E /* Main.storyboard in Resources */ = {isa = PBXBuildFile; fileRef = CA91DE1E273C35CB0060B58E /* Main.storyboard */; };
		CA91DE2D273C48960060B58E /* NSViewController+Extensions.swift in Sources */ = {isa = PBXBuildFile; fileRef = CA91DE2C273C48960060B58E /* NSViewController+Extensions.swift */; };
		CA91DE30273C48A60060B58E /* NSRadioButton.swift in Sources */ = {isa = PBXBuildFile; fileRef = CA91DE2F273C48A60060B58E /* NSRadioButton.swift */; };
		CA91DE34273C48C00060B58E /* Constants.swift in Sources */ = {isa = PBXBuildFile; fileRef = CA91DE32273C48C00060B58E /* Constants.swift */; };
		CA91DE35273C48C00060B58E /* Signal.swift in Sources */ = {isa = PBXBuildFile; fileRef = CA91DE33273C48C00060B58E /* Signal.swift */; };
/* End PBXBuildFile section */

/* Begin PBXFileReference section */
		32ECCACF2BA7169E03369A35 /* Pods_SignalCorrelation.framework */ = {isa = PBXFileReference; explicitFileType = wrapper.framework; includeInIndex = 0; path = Pods_SignalCorrelation.framework; sourceTree = BUILT_PRODUCTS_DIR; };
		85259D99B37307C619E241E2 /* Pods-SignalCorrelation.release.xcconfig */ = {isa = PBXFileReference; includeInIndex = 1; lastKnownFileType = text.xcconfig; name = "Pods-SignalCorrelation.release.xcconfig"; path = "Target Support Files/Pods-SignalCorrelation/Pods-SignalCorrelation.release.xcconfig"; sourceTree = "<group>"; };
		CA2ED8D727419D8500B6C77A /* ViewModel.swift */ = {isa = PBXFileReference; lastKnownFileType = sourcecode.swift; path = ViewModel.swift; sourceTree = "<group>"; };
		CA2ED8DA2741AB8000B6C77A /* Сorrelator.swift */ = {isa = PBXFileReference; lastKnownFileType = sourcecode.swift; path = "Сorrelator.swift"; sourceTree = "<group>"; };
		CA91DE15273C35C90060B58E /* SignalCorrelation.app */ = {isa = PBXFileReference; explicitFileType = wrapper.application; includeInIndex = 0; path = SignalCorrelation.app; sourceTree = BUILT_PRODUCTS_DIR; };
		CA91DE18273C35C90060B58E /* AppDelegate.swift */ = {isa = PBXFileReference; lastKnownFileType = sourcecode.swift; path = AppDelegate.swift; sourceTree = "<group>"; };
		CA91DE1A273C35C90060B58E /* ViewController.swift */ = {isa = PBXFileReference; lastKnownFileType = sourcecode.swift; path = ViewController.swift; sourceTree = "<group>"; };
		CA91DE1C273C35CB0060B58E /* Assets.xcassets */ = {isa = PBXFileReference; lastKnownFileType = folder.assetcatalog; path = Assets.xcassets; sourceTree = "<group>"; };
		CA91DE1F273C35CB0060B58E /* Base */ = {isa = PBXFileReference; lastKnownFileType = file.storyboard; name = Base; path = Base.lproj/Main.storyboard; sourceTree = "<group>"; };
		CA91DE21273C35CB0060B58E /* SignalCorrelation.entitlements */ = {isa = PBXFileReference; lastKnownFileType = text.plist.entitlements; path = SignalCorrelation.entitlements; sourceTree = "<group>"; };
		CA91DE2C273C48960060B58E /* NSViewController+Extensions.swift */ = {isa = PBXFileReference; fileEncoding = 4; lastKnownFileType = sourcecode.swift; path = "NSViewController+Extensions.swift"; sourceTree = "<group>"; };
		CA91DE2F273C48A60060B58E /* NSRadioButton.swift */ = {isa = PBXFileReference; fileEncoding = 4; lastKnownFileType = sourcecode.swift; path = NSRadioButton.swift; sourceTree = "<group>"; };
		CA91DE32273C48C00060B58E /* Constants.swift */ = {isa = PBXFileReference; fileEncoding = 4; lastKnownFileType = sourcecode.swift; path = Constants.swift; sourceTree = "<group>"; };
		CA91DE33273C48C00060B58E /* Signal.swift */ = {isa = PBXFileReference; fileEncoding = 4; lastKnownFileType = sourcecode.swift; path = Signal.swift; sourceTree = "<group>"; };
		D80C7D722C3B7A49083CFC20 /* Pods-SignalCorrelation.debug.xcconfig */ = {isa = PBXFileReference; includeInIndex = 1; lastKnownFileType = text.xcconfig; name = "Pods-SignalCorrelation.debug.xcconfig"; path = "Target Support Files/Pods-SignalCorrelation/Pods-SignalCorrelation.debug.xcconfig"; sourceTree = "<group>"; };
/* End PBXFileReference section */

/* Begin PBXFrameworksBuildPhase section */
		CA91DE12273C35C90060B58E /* Frameworks */ = {
			isa = PBXFrameworksBuildPhase;
			buildActionMask = 2147483647;
			files = (
				159526577BC76154AA08483E /* Pods_SignalCorrelation.framework in Frameworks */,
			);
			runOnlyForDeploymentPostprocessing = 0;
		};
/* End PBXFrameworksBuildPhase section */

/* Begin PBXGroup section */
		0E0649B97A3523122AE88303 /* Pods */ = {
			isa = PBXGroup;
			children = (
				D80C7D722C3B7A49083CFC20 /* Pods-SignalCorrelation.debug.xcconfig */,
				85259D99B37307C619E241E2 /* Pods-SignalCorrelation.release.xcconfig */,
			);
			path = Pods;
			sourceTree = "<group>";
		};
		CA2ED8D92741AB2600B6C77A /* Helpers */ = {
			isa = PBXGroup;
			children = (
				CA2ED8DA2741AB8000B6C77A /* Сorrelator.swift */,
			);
			path = Helpers;
			sourceTree = "<group>";
		};
		CA91DE0C273C35C90060B58E = {
			isa = PBXGroup;
			children = (
				CA91DE17273C35C90060B58E /* SignalCorrelation */,
				CA91DE16273C35C90060B58E /* Products */,
				0E0649B97A3523122AE88303 /* Pods */,
				FED05C80093617569006660A /* Frameworks */,
			);
			sourceTree = "<group>";
		};
		CA91DE16273C35C90060B58E /* Products */ = {
			isa = PBXGroup;
			children = (
				CA91DE15273C35C90060B58E /* SignalCorrelation.app */,
			);
			name = Products;
			sourceTree = "<group>";
		};
		CA91DE17273C35C90060B58E /* SignalCorrelation */ = {
			isa = PBXGroup;
			children = (
				CA2ED8D92741AB2600B6C77A /* Helpers */,
				CA91DE2E273C48A60060B58E /* Components */,
				CA91DE31273C48C00060B58E /* Model */,
				CA91DE2B273C48960060B58E /* Extensions */,
				CA91DE28273C35DA0060B58E /* View Controller */,
				CA91DE2A273C35F30060B58E /* Views */,
				CA91DE27273C35D20060B58E /* Resources */,
				CA91DE29273C35E30060B58E /* Supporting Files */,
			);
			path = SignalCorrelation;
			sourceTree = "<group>";
		};
		CA91DE27273C35D20060B58E /* Resources */ = {
			isa = PBXGroup;
			children = (
				CA91DE1C273C35CB0060B58E /* Assets.xcassets */,
			);
			path = Resources;
			sourceTree = "<group>";
		};
		CA91DE28273C35DA0060B58E /* View Controller */ = {
			isa = PBXGroup;
			children = (
				CA91DE1A273C35C90060B58E /* ViewController.swift */,
				CA2ED8D727419D8500B6C77A /* ViewModel.swift */,
			);
			path = "View Controller";
			sourceTree = "<group>";
		};
		CA91DE29273C35E30060B58E /* Supporting Files */ = {
			isa = PBXGroup;
			children = (
				CA91DE18273C35C90060B58E /* AppDelegate.swift */,
				CA91DE21273C35CB0060B58E /* SignalCorrelation.entitlements */,
			);
			path = "Supporting Files";
			sourceTree = "<group>";
		};
		CA91DE2A273C35F30060B58E /* Views */ = {
			isa = PBXGroup;
			children = (
				CA91DE1E273C35CB0060B58E /* Main.storyboard */,
			);
			path = Views;
			sourceTree = "<group>";
		};
		CA91DE2B273C48960060B58E /* Extensions */ = {
			isa = PBXGroup;
			children = (
				CA91DE2C273C48960060B58E /* NSViewController+Extensions.swift */,
			);
			path = Extensions;
			sourceTree = "<group>";
		};
		CA91DE2E273C48A60060B58E /* Components */ = {
			isa = PBXGroup;
			children = (
				CA91DE2F273C48A60060B58E /* NSRadioButton.swift */,
			);
			path = Components;
			sourceTree = "<group>";
		};
		CA91DE31273C48C00060B58E /* Model */ = {
			isa = PBXGroup;
			children = (
				CA91DE32273C48C00060B58E /* Constants.swift */,
				CA91DE33273C48C00060B58E /* Signal.swift */,
			);
			path = Model;
			sourceTree = "<group>";
		};
		FED05C80093617569006660A /* Frameworks */ = {
			isa = PBXGroup;
			children = (
				32ECCACF2BA7169E03369A35 /* Pods_SignalCorrelation.framework */,
			);
			name = Frameworks;
			sourceTree = "<group>";
		};
/* End PBXGroup section */

/* Begin PBXNativeTarget section */
		CA91DE14273C35C90060B58E /* SignalCorrelation */ = {
			isa = PBXNativeTarget;
			buildConfigurationList = CA91DE24273C35CB0060B58E /* Build configuration list for PBXNativeTarget "SignalCorrelation" */;
			buildPhases = (
				F06C81FC40B8D7BFF2C1C5BB /* [CP] Check Pods Manifest.lock */,
				CA91DE11273C35C90060B58E /* Sources */,
				CA91DE12273C35C90060B58E /* Frameworks */,
				CA91DE13273C35C90060B58E /* Resources */,
				1945DD22BC68E4EF2A77FAB5 /* [CP] Embed Pods Frameworks */,
			);
			buildRules = (
			);
			dependencies = (
			);
			name = SignalCorrelation;
			productName = SignalCorrelation;
			productReference = CA91DE15273C35C90060B58E /* SignalCorrelation.app */;
			productType = "com.apple.product-type.application";
		};
/* End PBXNativeTarget section */

/* Begin PBXProject section */
		CA91DE0D273C35C90060B58E /* Project object */ = {
			isa = PBXProject;
			attributes = {
				BuildIndependentTargetsInParallel = 1;
				LastSwiftUpdateCheck = 1310;
				LastUpgradeCheck = 1310;
				TargetAttributes = {
					CA91DE14273C35C90060B58E = {
						CreatedOnToolsVersion = 13.1;
					};
				};
			};
			buildConfigurationList = CA91DE10273C35C90060B58E /* Build configuration list for PBXProject "SignalCorrelation" */;
			compatibilityVersion = "Xcode 12.0";
			developmentRegion = en;
			hasScannedForEncodings = 0;
			knownRegions = (
				en,
				Base,
			);
			mainGroup = CA91DE0C273C35C90060B58E;
			productRefGroup = CA91DE16273C35C90060B58E /* Products */;
			projectDirPath = "";
			projectRoot = "";
			targets = (
				CA91DE14273C35C90060B58E /* SignalCorrelation */,
			);
		};
/* End PBXProject section */

/* Begin PBXResourcesBuildPhase section */
		CA91DE13273C35C90060B58E /* Resources */ = {
			isa = PBXResourcesBuildPhase;
			buildActionMask = 2147483647;
			files = (
				CA91DE1D273C35CB0060B58E /* Assets.xcassets in Resources */,
				CA91DE20273C35CB0060B58E /* Main.storyboard in Resources */,
			);
			runOnlyForDeploymentPostprocessing = 0;
		};
/* End PBXResourcesBuildPhase section */

/* Begin PBXShellScriptBuildPhase section */
		1945DD22BC68E4EF2A77FAB5 /* [CP] Embed Pods Frameworks */ = {
			isa = PBXShellScriptBuildPhase;
			buildActionMask = 2147483647;
			files = (
			);
			inputFileListPaths = (
				"${PODS_ROOT}/Target Support Files/Pods-SignalCorrelation/Pods-SignalCorrelation-frameworks-${CONFIGURATION}-input-files.xcfilelist",
			);
			name = "[CP] Embed Pods Frameworks";
			outputFileListPaths = (
				"${PODS_ROOT}/Target Support Files/Pods-SignalCorrelation/Pods-SignalCorrelation-frameworks-${CONFIGURATION}-output-files.xcfilelist",
			);
			runOnlyForDeploymentPostprocessing = 0;
			shellPath = /bin/sh;
			shellScript = "\"${PODS_ROOT}/Target Support Files/Pods-SignalCorrelation/Pods-SignalCorrelation-frameworks.sh\"\n";
			showEnvVarsInLog = 0;
		};
		F06C81FC40B8D7BFF2C1C5BB /* [CP] Check Pods Manifest.lock */ = {
			isa = PBXShellScriptBuildPhase;
			buildActionMask = 2147483647;
			files = (
			);
			inputFileListPaths = (
			);
			inputPaths = (
				"${PODS_PODFILE_DIR_PATH}/Podfile.lock",
				"${PODS_ROOT}/Manifest.lock",
			);
			name = "[CP] Check Pods Manifest.lock";
			outputFileListPaths = (
			);
			outputPaths = (
				"$(DERIVED_FILE_DIR)/Pods-SignalCorrelation-checkManifestLockResult.txt",
			);
			runOnlyForDeploymentPostprocessing = 0;
			shellPath = /bin/sh;
			shellScript = "diff \"${PODS_PODFILE_DIR_PATH}/Podfile.lock\" \"${PODS_ROOT}/Manifest.lock\" > /dev/null\nif [ $? != 0 ] ; then\n    # print error to STDERR\n    echo \"error: The sandbox is not in sync with the Podfile.lock. Run 'pod install' or update your CocoaPods installation.\" >&2\n    exit 1\nfi\n# This output is used by Xcode 'outputs' to avoid re-running this script phase.\necho \"SUCCESS\" > \"${SCRIPT_OUTPUT_FILE_0}\"\n";
			showEnvVarsInLog = 0;
		};
/* End PBXShellScriptBuildPhase section */

/* Begin PBXSourcesBuildPhase section */
		CA91DE11273C35C90060B58E /* Sources */ = {
			isa = PBXSourcesBuildPhase;
			buildActionMask = 2147483647;
			files = (
				CA91DE34273C48C00060B58E /* Constants.swift in Sources */,
				CA91DE35273C48C00060B58E /* Signal.swift in Sources */,
				CA91DE2D273C48960060B58E /* NSViewController+Extensions.swift in Sources */,
				CA91DE1B273C35C90060B58E /* ViewController.swift in Sources */,
				CA91DE30273C48A60060B58E /* NSRadioButton.swift in Sources */,
				CA91DE19273C35C90060B58E /* AppDelegate.swift in Sources */,
				CA2ED8DB2741AB8000B6C77A /* Сorrelator.swift in Sources */,
				CA2ED8D827419D8500B6C77A /* ViewModel.swift in Sources */,
			);
			runOnlyForDeploymentPostprocessing = 0;
		};
/* End PBXSourcesBuildPhase section */

/* Begin PBXVariantGroup section */
		CA91DE1E273C35CB0060B58E /* Main.storyboard */ = {
			isa = PBXVariantGroup;
			children = (
				CA91DE1F273C35CB0060B58E /* Base */,
			);
			name = Main.storyboard;
			sourceTree = "<group>";
		};
/* End PBXVariantGroup section */

/* Begin XCBuildConfiguration section */
		CA91DE22273C35CB0060B58E /* Debug */ = {
			isa = XCBuildConfiguration;
			buildSettings = {
				ALWAYS_SEARCH_USER_PATHS = NO;
				CLANG_ANALYZER_NONNULL = YES;
				CLANG_ANALYZER_NUMBER_OBJECT_CONVERSION = YES_AGGRESSIVE;
				CLANG_CXX_LANGUAGE_STANDARD = "gnu++17";
				CLANG_CXX_LIBRARY = "libc++";
				CLANG_ENABLE_MODULES = YES;
				CLANG_ENABLE_OBJC_ARC = YES;
				CLANG_ENABLE_OBJC_WEAK = YES;
				CLANG_WARN_BLOCK_CAPTURE_AUTORELEASING = YES;
				CLANG_WARN_BOOL_CONVERSION = YES;
				CLANG_WARN_COMMA = YES;
				CLANG_WARN_CONSTANT_CONVERSION = YES;
				CLANG_WARN_DEPRECATED_OBJC_IMPLEMENTATIONS = YES;
				CLANG_WARN_DIRECT_OBJC_ISA_USAGE = YES_ERROR;
				CLANG_WARN_DOCUMENTATION_COMMENTS = YES;
				CLANG_WARN_EMPTY_BODY = YES;
				CLANG_WARN_ENUM_CONVERSION = YES;
				CLANG_WARN_INFINITE_RECURSION = YES;
				CLANG_WARN_INT_CONVERSION = YES;
				CLANG_WARN_NON_LITERAL_NULL_CONVERSION = YES;
				CLANG_WARN_OBJC_IMPLICIT_RETAIN_SELF = YES;
				CLANG_WARN_OBJC_LITERAL_CONVERSION = YES;
				CLANG_WARN_OBJC_ROOT_CLASS = YES_ERROR;
				CLANG_WARN_QUOTED_INCLUDE_IN_FRAMEWORK_HEADER = YES;
				CLANG_WARN_RANGE_LOOP_ANALYSIS = YES;
				CLANG_WARN_STRICT_PROTOTYPES = YES;
				CLANG_WARN_SUSPICIOUS_MOVE = YES;
				CLANG_WARN_UNGUARDED_AVAILABILITY = YES_AGGRESSIVE;
				CLANG_WARN_UNREACHABLE_CODE = YES;
				CLANG_WARN__DUPLICATE_METHOD_MATCH = YES;
				COPY_PHASE_STRIP = NO;
				DEBUG_INFORMATION_FORMAT = dwarf;
				ENABLE_STRICT_OBJC_MSGSEND = YES;
				ENABLE_TESTABILITY = YES;
				GCC_C_LANGUAGE_STANDARD = gnu11;
				GCC_DYNAMIC_NO_PIC = NO;
				GCC_NO_COMMON_BLOCKS = YES;
				GCC_OPTIMIZATION_LEVEL = 0;
				GCC_PREPROCESSOR_DEFINITIONS = (
					"DEBUG=1",
					"$(inherited)",
				);
				GCC_WARN_64_TO_32_BIT_CONVERSION = YES;
				GCC_WARN_ABOUT_RETURN_TYPE = YES_ERROR;
				GCC_WARN_UNDECLARED_SELECTOR = YES;
				GCC_WARN_UNINITIALIZED_AUTOS = YES_AGGRESSIVE;
				GCC_WARN_UNUSED_FUNCTION = YES;
				GCC_WARN_UNUSED_VARIABLE = YES;
				MACOSX_DEPLOYMENT_TARGET = 11.6;
				MTL_ENABLE_DEBUG_INFO = INCLUDE_SOURCE;
				MTL_FAST_MATH = YES;
				ONLY_ACTIVE_ARCH = YES;
				SDKROOT = macosx;
				SWIFT_ACTIVE_COMPILATION_CONDITIONS = DEBUG;
				SWIFT_OPTIMIZATION_LEVEL = "-Onone";
			};
			name = Debug;
		};
		CA91DE23273C35CB0060B58E /* Release */ = {
			isa = XCBuildConfiguration;
			buildSettings = {
				ALWAYS_SEARCH_USER_PATHS = NO;
				CLANG_ANALYZER_NONNULL = YES;
				CLANG_ANALYZER_NUMBER_OBJECT_CONVERSION = YES_AGGRESSIVE;
				CLANG_CXX_LANGUAGE_STANDARD = "gnu++17";
				CLANG_CXX_LIBRARY = "libc++";
				CLANG_ENABLE_MODULES = YES;
				CLANG_ENABLE_OBJC_ARC = YES;
				CLANG_ENABLE_OBJC_WEAK = YES;
				CLANG_WARN_BLOCK_CAPTURE_AUTORELEASING = YES;
				CLANG_WARN_BOOL_CONVERSION = YES;
				CLANG_WARN_COMMA = YES;
				CLANG_WARN_CONSTANT_CONVERSION = YES;
				CLANG_WARN_DEPRECATED_OBJC_IMPLEMENTATIONS = YES;
				CLANG_WARN_DIRECT_OBJC_ISA_USAGE = YES_ERROR;
				CLANG_WARN_DOCUMENTATION_COMMENTS = YES;
				CLANG_WARN_EMPTY_BODY = YES;
				CLANG_WARN_ENUM_CONVERSION = YES;
				CLANG_WARN_INFINITE_RECURSION = YES;
				CLANG_WARN_INT_CONVERSION = YES;
				CLANG_WARN_NON_LITERAL_NULL_CONVERSION = YES;
				CLANG_WARN_OBJC_IMPLICIT_RETAIN_SELF = YES;
				CLANG_WARN_OBJC_LITERAL_CONVERSION = YES;
				CLANG_WARN_OBJC_ROOT_CLASS = YES_ERROR;
				CLANG_WARN_QUOTED_INCLUDE_IN_FRAMEWORK_HEADER = YES;
				CLANG_WARN_RANGE_LOOP_ANALYSIS = YES;
				CLANG_WARN_STRICT_PROTOTYPES = YES;
				CLANG_WARN_SUSPICIOUS_MOVE = YES;
				CLANG_WARN_UNGUARDED_AVAILABILITY = YES_AGGRESSIVE;
				CLANG_WARN_UNREACHABLE_CODE = YES;
				CLANG_WARN__DUPLICATE_METHOD_MATCH = YES;
				COPY_PHASE_STRIP = NO;
				DEBUG_INFORMATION_FORMAT = "dwarf-with-dsym";
				ENABLE_NS_ASSERTIONS = NO;
				ENABLE_STRICT_OBJC_MSGSEND = YES;
				GCC_C_LANGUAGE_STANDARD = gnu11;
				GCC_NO_COMMON_BLOCKS = YES;
				GCC_WARN_64_TO_32_BIT_CONVERSION = YES;
				GCC_WARN_ABOUT_RETURN_TYPE = YES_ERROR;
				GCC_WARN_UNDECLARED_SELECTOR = YES;
				GCC_WARN_UNINITIALIZED_AUTOS = YES_AGGRESSIVE;
				GCC_WARN_UNUSED_FUNCTION = YES;
				GCC_WARN_UNUSED_VARIABLE = YES;
				MACOSX_DEPLOYMENT_TARGET = 11.6;
				MTL_ENABLE_DEBUG_INFO = NO;
				MTL_FAST_MATH = YES;
				SDKROOT = macosx;
				SWIFT_COMPILATION_MODE = wholemodule;
				SWIFT_OPTIMIZATION_LEVEL = "-O";
			};
			name = Release;
		};
		CA91DE25273C35CB0060B58E /* Debug */ = {
			isa = XCBuildConfiguration;
			baseConfigurationReference = D80C7D722C3B7A49083CFC20 /* Pods-SignalCorrelation.debug.xcconfig */;
			buildSettings = {
				ASSETCATALOG_COMPILER_APPICON_NAME = AppIcon;
				ASSETCATALOG_COMPILER_GLOBAL_ACCENT_COLOR_NAME = AccentColor;
				CODE_SIGN_ENTITLEMENTS = "SignalCorrelation/Supporting Files/SignalCorrelation.entitlements";
				CODE_SIGN_STYLE = Automatic;
				COMBINE_HIDPI_IMAGES = YES;
				CURRENT_PROJECT_VERSION = 1;
				DEVELOPMENT_TEAM = GX6R5HS8S3;
				ENABLE_HARDENED_RUNTIME = YES;
				GENERATE_INFOPLIST_FILE = YES;
				INFOPLIST_KEY_NSHumanReadableCopyright = "";
				INFOPLIST_KEY_NSMainStoryboardFile = Main;
				INFOPLIST_KEY_NSPrincipalClass = NSApplication;
				LD_RUNPATH_SEARCH_PATHS = (
					"$(inherited)",
					"@executable_path/../Frameworks",
				);
				MARKETING_VERSION = 1.0;
				PRODUCT_BUNDLE_IDENTIFIER = "Ilya-Baryko.SignalCorrelation";
				PRODUCT_NAME = "$(TARGET_NAME)";
				SWIFT_EMIT_LOC_STRINGS = YES;
				SWIFT_VERSION = 5.0;
			};
			name = Debug;
		};
		CA91DE26273C35CB0060B58E /* Release */ = {
			isa = XCBuildConfiguration;
			baseConfigurationReference = 85259D99B37307C619E241E2 /* Pods-SignalCorrelation.release.xcconfig */;
			buildSettings = {
				ASSETCATALOG_COMPILER_APPICON_NAME = AppIcon;
				ASSETCATALOG_COMPILER_GLOBAL_ACCENT_COLOR_NAME = AccentColor;
				CODE_SIGN_ENTITLEMENTS = "SignalCorrelation/Supporting Files/SignalCorrelation.entitlements";
				CODE_SIGN_STYLE = Automatic;
				COMBINE_HIDPI_IMAGES = YES;
				CURRENT_PROJECT_VERSION = 1;
				DEVELOPMENT_TEAM = GX6R5HS8S3;
				ENABLE_HARDENED_RUNTIME = YES;
				GENERATE_INFOPLIST_FILE = YES;
				INFOPLIST_KEY_NSHumanReadableCopyright = "";
				INFOPLIST_KEY_NSMainStoryboardFile = Main;
				INFOPLIST_KEY_NSPrincipalClass = NSApplication;
				LD_RUNPATH_SEARCH_PATHS = (
					"$(inherited)",
					"@executable_path/../Frameworks",
				);
				MARKETING_VERSION = 1.0;
				PRODUCT_BUNDLE_IDENTIFIER = "Ilya-Baryko.SignalCorrelation";
				PRODUCT_NAME = "$(TARGET_NAME)";
				SWIFT_EMIT_LOC_STRINGS = YES;
				SWIFT_VERSION = 5.0;
			};
			name = Release;
		};
/* End XCBuildConfiguration section */

/* Begin XCConfigurationList section */
		CA91DE10273C35C90060B58E /* Build configuration list for PBXProject "SignalCorrelation" */ = {
			isa = XCConfigurationList;
			buildConfigurations = (
				CA91DE22273C35CB0060B58E /* Debug */,
				CA91DE23273C35CB0060B58E /* Release */,
			);
			defaultConfigurationIsVisible = 0;
			defaultConfigurationName = Release;
		};
		CA91DE24273C35CB0060B58E /* Build configuration list for PBXNativeTarget "SignalCorrelation" */ = {
			isa = XCConfigurationList;
			buildConfigurations = (
				CA91DE25273C35CB0060B58E /* Debug */,
				CA91DE26273C35CB0060B58E /* Release */,
			);
			defaultConfigurationIsVisible = 0;
			defaultConfigurationName = Release;
		};
/* End XCConfigurationList section */
	};
	rootObject = CA91DE0D273C35C90060B58E /* Project object */;
}
